
Microsoft Visual Studio Solution File, Format Version 12.00
# Visual Studio Version 16
VisualStudioVersion = 16.0.31729.503
MinimumVisualStudioVersion = 10.0.40219.1
Project("{FAE04EC0-301F-11D3-BF4B-00C04F79EFBC}") = "PrimeiroOOP", "PrimeiroOOP\PrimeiroOOP.csproj", "{A8B59AF6-1621-409A-9543-697E77D095DB}"
EndProject
Global
	GlobalSection(SolutionConfigurationPlatforms) = preSolution
		Debug|Any CPU = Debug|Any CPU
		Release|Any CPU = Release|Any CPU
	EndGlobalSection
	GlobalSection(ProjectConfigurationPlatforms) = postSolution
		{A8B59AF6-1621-409A-9543-697E77D095DB}.Debug|Any CPU.ActiveCfg = Debug|Any CPU
		{A8B59AF6-1621-409A-9543-697E77D095DB}.Debug|Any CPU.Build.0 = Debug|Any CPU
		{A8B59AF6-1621-409A-9543-697E77D095DB}.Release|Any CPU.ActiveCfg = Release|Any CPU
		{A8B59AF6-1621-409A-9543-697E77D095DB}.Release|Any CPU.Build.0 = Release|Any CPU
	EndGlobalSection
	GlobalSection(SolutionProperties) = preSolution
		HideSolutionNode = FALSE
	EndGlobalSection
	GlobalSection(ExtensibilityGlobals) = postSolution
		SolutionGuid = {20F20615-6819-4D57-978C-A60D2FFB0CF4}
	EndGlobalSection
EndGlobal
